{
  "requires": true,
  "lockfileVersion": 1,
  "dependencies": {
    "@amap/amap-jsapi-loader": {
      "version": "0.0.7",
      "resolved": "https://registry.npmjs.org/@amap/amap-jsapi-loader/-/amap-jsapi-loader-0.0.7.tgz",
      "integrity": "sha512-DNqyIo9AfN0ic2I+9F6qiGFOmoeLVhcqUU2MT4/t3vTAiZhnlMWqr6kXXwh7IjXhD1Na7XaK8/IL2b7Ml+g4tw==",
      "dev": true
    }
  }
}
